<?xml version="1.0" encoding="utf-8"?>
<Project ToolsVersion="4.0" xmlns="http://schemas.microsoft.com/developer/msbuild/2003">
  <ItemGroup>
    <Filter Include="Source Files">
      <UniqueIdentifier>{4FC737F1-C7A5-4376-A066-2A32D752A2FF}</UniqueIdentifier>
      <Extensions>cpp;c;cc;cxx;def;odl;idl;hpj;bat;asm;asmx</Extensions>
    </Filter>
  </ItemGroup>
  <ItemGroup>
    <ClCompile Include="Src\BlurFilter.cpp">
      <Filter>Source Files</Filter>
    </ClCompile>
    <ClCompile Include="Src\D11DemoApp.cpp">
      <Filter>Source Files</Filter>
    </ClCompile>
    <ClCompile Include="Src\RenderObjects.cpp">
      <Filter>Source Files</Filter>
    </ClCompile>
    <ClCompile Include="Src\WinMain.cpp">
      <Filter>Source Files</Filter>
    </ClCompile>
    <ClCompile Include="Src\DemoEffects.cpp">
      <Filter>Source Files</Filter>
    </ClCompile>
    <ClCompile Include="Src\TreePointSprite.cpp">
      <Filter>Source Files</Filter>
    </ClCompile>
  </ItemGroup>
  <ItemGroup>
    <ClInclude Include="Src\BlurFilter.h">
      <Filter>Source Files</Filter>
    </ClInclude>
    <ClInclude Include="Src\D11DemoApp.h">
      <Filter>Source Files</Filter>
    </ClInclude>
    <ClInclude Include="Src\RenderObjects.h">
      <Filter>Source Files</Filter>
    </ClInclude>
    <ClInclude Include="Src\DemoEffects.h">
      <Filter>Source Files</Filter>
    </ClInclude>
    <ClInclude Include="Src\TreePointSprite.h">
      <Filter>Source Files</Filter>
    </ClInclude>
  </ItemGroup>
</Project>