<?xml version="1.0" encoding="utf-8"?>
<Project ToolsVersion="4.0" xmlns="http://schemas.microsoft.com/developer/msbuild/2003">
  <ItemGroup>
    <Filter Include="Source Files">
      <UniqueIdentifier>{4FC737F1-C7A5-4376-A066-2A32D752A2FF}</UniqueIdentifier>
      <Extensions>cpp;c;cc;cxx;def;odl;idl;hpj;bat;asm;asmx</Extensions>
    </Filter>
    <Filter Include="Source Files\UnknownInstance">
      <UniqueIdentifier>{33b8a3e4-83d7-481d-a832-c7b14d602498}</UniqueIdentifier>
    </Filter>
  </ItemGroup>
  <ItemGroup>
    <Text Include="ReadMe.txt" />
  </ItemGroup>
  <ItemGroup>
    <ClCompile Include="..\Common\Camera.cpp">
      <Filter>Source Files</Filter>
    </ClCompile>
    <ClCompile Include="..\Common\CameraCtrl.cpp">
      <Filter>Source Files</Filter>
    </ClCompile>
    <ClCompile Include="..\Common\d3dApp.cpp">
      <Filter>Source Files</Filter>
    </ClCompile>
    <ClCompile Include="..\Common\d3dUtil.cpp">
      <Filter>Source Files</Filter>
    </ClCompile>
    <ClCompile Include="..\Common\DDSTextureLoader.cpp">
      <Filter>Source Files</Filter>
    </ClCompile>
    <ClCompile Include="..\Common\GameTimer.cpp">
      <Filter>Source Files</Filter>
    </ClCompile>
    <ClCompile Include="..\Common\GeometryGenerator.cpp">
      <Filter>Source Files</Filter>
    </ClCompile>
    <ClCompile Include="..\Common\LightHelper.cpp">
      <Filter>Source Files</Filter>
    </ClCompile>
    <ClCompile Include="..\Common\MathHelper.cpp">
      <Filter>Source Files</Filter>
    </ClCompile>
    <ClCompile Include="..\Common\Waves.cpp">
      <Filter>Source Files</Filter>
    </ClCompile>
    <ClCompile Include="..\Common\WinHelper.cpp">
      <Filter>Source Files</Filter>
    </ClCompile>
    <ClCompile Include="..\Common\CommonRenderObjects.cpp">
      <Filter>Source Files</Filter>
    </ClCompile>
    <ClCompile Include="..\Common\Effect.cpp">
      <Filter>Source Files</Filter>
    </ClCompile>
    <ClCompile Include="..\Common\RenderObject.cpp">
      <Filter>Source Files</Filter>
    </ClCompile>
    <ClCompile Include="..\Common\UnknownInstance\Basic32.cpp">
      <Filter>Source Files\UnknownInstance</Filter>
    </ClCompile>
    <ClCompile Include="..\Common\UnknownInstance\Pos.cpp">
      <Filter>Source Files\UnknownInstance</Filter>
    </ClCompile>
    <ClCompile Include="..\Common\UnknownInstance\RenderStates.cpp">
      <Filter>Source Files\UnknownInstance</Filter>
    </ClCompile>
  </ItemGroup>
  <ItemGroup>
    <ClInclude Include="..\Common\Camera.h">
      <Filter>Source Files</Filter>
    </ClInclude>
    <ClInclude Include="..\Common\CameraCtrl.h">
      <Filter>Source Files</Filter>
    </ClInclude>
    <ClInclude Include="..\Common\CoreMacro.h">
      <Filter>Source Files</Filter>
    </ClInclude>
    <ClInclude Include="..\Common\d3dApp.h">
      <Filter>Source Files</Filter>
    </ClInclude>
    <ClInclude Include="..\Common\d3dUtil.h">
      <Filter>Source Files</Filter>
    </ClInclude>
    <ClInclude Include="..\Common\d3dx11effect.h">
      <Filter>Source Files</Filter>
    </ClInclude>
    <ClInclude Include="..\Common\d3dxGlobal.h">
      <Filter>Source Files</Filter>
    </ClInclude>
    <ClInclude Include="..\Common\DDSTextureLoader.h">
      <Filter>Source Files</Filter>
    </ClInclude>
    <ClInclude Include="..\Common\GameTimer.h">
      <Filter>Source Files</Filter>
    </ClInclude>
    <ClInclude Include="..\Common\GeometryGenerator.h">
      <Filter>Source Files</Filter>
    </ClInclude>
    <ClInclude Include="..\Common\LightHelper.h">
      <Filter>Source Files</Filter>
    </ClInclude>
    <ClInclude Include="..\Common\MathHelper.h">
      <Filter>Source Files</Filter>
    </ClInclude>
    <ClInclude Include="..\Common\StringUtils.h">
      <Filter>Source Files</Filter>
    </ClInclude>
    <ClInclude Include="..\Common\Waves.h">
      <Filter>Source Files</Filter>
    </ClInclude>
    <ClInclude Include="..\Common\WinHelper.h">
      <Filter>Source Files</Filter>
    </ClInclude>
    <ClInclude Include="..\Common\CommonRenderObjects.h">
      <Filter>Source Files</Filter>
    </ClInclude>
    <ClInclude Include="..\Common\Effect.h">
      <Filter>Source Files</Filter>
    </ClInclude>
    <ClInclude Include="..\Common\RenderObject.h">
      <Filter>Source Files</Filter>
    </ClInclude>
    <ClInclude Include="..\Common\UnknownInstance\Basic32.h">
      <Filter>Source Files\UnknownInstance</Filter>
    </ClInclude>
    <ClInclude Include="..\Common\UnknownInstance\Pos.h">
      <Filter>Source Files\UnknownInstance</Filter>
    </ClInclude>
    <ClInclude Include="..\Common\UnknownInstance\RenderStates.h">
      <Filter>Source Files\UnknownInstance</Filter>
    </ClInclude>
    <ClInclude Include="..\Common\UnknownInstance\UnknownInstance.h">
      <Filter>Source Files\UnknownInstance</Filter>
    </ClInclude>
  </ItemGroup>
</Project>